github.com/andybalholm/brotli v1.2.2 h1:HzTuoo2ErYQqf5qvcJInB8uvqSVxRttzkFexPWtnceM=
github.com/andybalholm/brotli v1.2.2/go.mod h1:rzTDkvFWvIrjDXZHkuS16NPggd91W3kUSvPlQ1pLaKY=
github.com/go-raptor/connectors v1.1.0 h1:U6Fjhv68q7gIoFEAIKZGd5TtKygmZI8tG5TJt6IS/gg=
github.com/go-raptor/connectors v1.1.0/go.mod h1:A7T++oNId2F9SB5i9IQcm+3QzruL5s1nFLfRk1eA0SU=
github.com/go-raptor/controllers/spa/v2 v2.1.0 h1:EV5DIAVAXdFwzxIWnmAMh9tbmka/Zxy46VPu+1dVj7g=
github.com/go-raptor/controllers/spa/v2 v2.1.0/go.mod h1:GrhgN5uef1BiPEGyKQxJSOeUO8dAaJ3pRhkRbK6pzPo=
github.com/go-raptor/middlewares/csrf v1.1.0 h1:y/wGbfUh4tz63Pyldz1I6txolgiOt2H/kppT8dz2n74=
github.com/go-raptor/middlewares/csrf v1.1.0/go.mod h1:9LMB88dD5dmzK+sgFqP4rw0cYs+7uFzPCNkRQ/z3/pQ=
github.com/go-raptor/middlewares/limiter v1.1.0 h1:gjmoB7hMpPZ6oo72EPXLgZBWYhI+DIl+uHWHwRNn8Us=
github.com/go-raptor/middlewares/limiter v1.1.0/go.mod h1:l6O3iohDmDQYOJrML0XXQK43mlcAqAP3n68GE2WnizQ=
github.com/go-raptor/middlewares/logger v1.4.0 h1:lxNh3JwzN5zURL1p7Up0JLjbLX9L9zzNRy9Yl7EUQgQ=
github.com/go-raptor/middlewares/logger v1.4.0/go.mod h1:s2gPsvx+pK4KWCDv8xUizi9Aj/uy1jjayKu3/a2HL6I=
github.com/go-raptor/middlewares/requestid v1.0.0 h1:SJ1Ds3pIqaVDCRvHUiIAKVx9e3m6ze1QLPnzZSpVYSs=
github.com/go-raptor/middlewares/requestid v1.0.0/go.mod h1:h2lllRk7MGI8lV99a16Xzz4pW3u733SeTPkAEi2oWqk=
github.com/go-raptor/middlewares/secure v1.0.0 h1:94ddcJIeTdEjlceKm7Iy5hHAXCJelDxfwBVik6MDGeg=
github.com/go-raptor/middlewares/secure v1.0.0/go.mod h1:bj36WPlS7ZRHR1UOT8Fnzy+HeqsD+vjVWNlgc0gLLVk=
github.com/go-raptor/raptor/v4 v4.6.1 h1:swsttMZaWXiUk+gOpbS88hHCRf8eC9Pfnt+8GmWkN8Y=
github.com/go-raptor/raptor/v4 v4.6.1/go.mod h1:QBCZFYuM0SHuBfoaAmAbbnF6uLUHPTJA8gvnGl/7Jp0=
github.com/h00s/goopenmeteo v1.1.0 h1:8sfMUKB7ZLCeCW/M5AWslniW/ldtEfyuHDZwO+Am5vY=
github.com/h00s/goopenmeteo v1.1.0/go.mod h1:TRdUqAhcONaR+ghceOcuQH9doXclhnYVfNAcsOUhhwo=
github.com/lmittmann/tint v1.2.0 h1:AogHRHy8HUJUnNJBHJlYa+fR4YY8mko2cnCp67xn9JY=
github.com/lmittmann/tint v1.2.0/go.mod h1:HIS3gSy7qNwGCj+5oRjAutErFBl4BzdQP6cJZ0NfMwE=
github.com/xyproto/randomstring v1.0.5 h1:YtlWPoRdgMu3NZtP45drfy1GKoojuR7hmRcnhZqKjWU=
github.com/xyproto/randomstring v1.0.5/go.mod h1:rgmS5DeNXLivK7YprL0pY+lTuhNQW3iGxZ18UQApw/E=
go.yaml.in/yaml/v3 v3.0.5 h1:N6y/pJk8buWs9NY5ERU2HSMfm+IuD/OtfdAnq6kESPw=
go.yaml.in/yaml/v3 v3.0.5/go.mod h1:HVTZu1O7/Vkt2N+BFy8Zza+lnLsABggaTM2ZpNIGuKg=
golang.org/x/time v0.16.0 h1:vMb6ptszcQMkcwiRTAuNNU50gom6++Q/6gY2hDM6VDE=
golang.org/x/time v0.16.0/go.mod h1:rVKOqvZeKvrDKTQiAHJ7wmwP0RzleSphoEA9RcdLA0s=
