github.com/andybalholm/brotli v1.2.2 h1:HzTuoo2ErYQqf5qvcJInB8uvqSVxRttzkFexPWtnceM=
github.com/andybalholm/brotli v1.2.2/go.mod h1:rzTDkvFWvIrjDXZHkuS16NPggd91W3kUSvPlQ1pLaKY=
github.com/go-raptor/connectors v1.1.0 h1:U6Fjhv68q7gIoFEAIKZGd5TtKygmZI8tG5TJt6IS/gg=
github.com/go-raptor/connectors v1.1.0/go.mod h1:A7T++oNId2F9SB5i9IQcm+3QzruL5s1nFLfRk1eA0SU=
github.com/go-raptor/controllers/spa/v2 v2.0.0 h1:5l+DBFkqLZ4vwcKJy60Rij4Hvf2YDurGS1IiOyNp+l0=
github.com/go-raptor/controllers/spa/v2 v2.0.0/go.mod h1:y9jEBC4NtJqxtvPDHes/aIb7JdtALR+rBDEUPf2/hro=
github.com/go-raptor/middlewares/cors v1.0.10 h1:vCnl8x3ShKAo/c1LfxT8djPZO1Wq/VvPwqQzYHOia9I=
github.com/go-raptor/middlewares/cors v1.0.10/go.mod h1:2gcl4Me3js2+jDO99eIljZYsGAvi74DPQ2+e05QMT7M=
github.com/go-raptor/middlewares/logger v1.0.7 h1:EJT1Kg8xT2yZQEvBmS7FvmyZGnty+ljE9dzy9+tMRWo=
github.com/go-raptor/middlewares/logger v1.0.7/go.mod h1:EmsMioF0OjbcNOJwK/YLCjogpHgMII4ZgnRnMMbT3ZI=
github.com/go-raptor/raptor/v4 v4.3.1 h1:9hD1v91KrSwhDo/e9zHEEjq6Wa8RCaCttEC00frLzwI=
github.com/go-raptor/raptor/v4 v4.3.1/go.mod h1:llA2fmqRtCOJ60AgzdmSJUwm4UhHVfdLIrm/e/H/oD0=
github.com/h00s/goopenmeteo v1.0.1 h1:S57hs34Dp+ORaSCQCgzM6W770CuUDHK6HuXAtGNdafs=
github.com/h00s/goopenmeteo v1.0.1/go.mod h1:TRdUqAhcONaR+ghceOcuQH9doXclhnYVfNAcsOUhhwo=
github.com/lmittmann/tint v1.2.0 h1:AogHRHy8HUJUnNJBHJlYa+fR4YY8mko2cnCp67xn9JY=
github.com/lmittmann/tint v1.2.0/go.mod h1:HIS3gSy7qNwGCj+5oRjAutErFBl4BzdQP6cJZ0NfMwE=
github.com/xyproto/randomstring v1.0.5 h1:YtlWPoRdgMu3NZtP45drfy1GKoojuR7hmRcnhZqKjWU=
github.com/xyproto/randomstring v1.0.5/go.mod h1:rgmS5DeNXLivK7YprL0pY+lTuhNQW3iGxZ18UQApw/E=
go.yaml.in/yaml/v3 v3.0.5 h1:N6y/pJk8buWs9NY5ERU2HSMfm+IuD/OtfdAnq6kESPw=
go.yaml.in/yaml/v3 v3.0.5/go.mod h1:HVTZu1O7/Vkt2N+BFy8Zza+lnLsABggaTM2ZpNIGuKg=
