github.com/go-raptor/connectors v1.0.2 h1:aAFXlSssExRE0HC6YIj+mSMR2ZP7tZn8qNxRADcekoE=
github.com/go-raptor/connectors v1.0.2/go.mod h1:o5EsfDhvcxtH00SOh6ehIa2nE/Y2oCrSoorxrSGeEys=
github.com/go-raptor/connectors v1.0.4 h1:LPtwGWYl+dHHAdtYtdmT6Zo6X1VIhYlJiR5/+jQKe24=
github.com/go-raptor/connectors v1.0.4/go.mod h1:o5EsfDhvcxtH00SOh6ehIa2nE/Y2oCrSoorxrSGeEys=
github.com/go-raptor/connectors v1.1.0 h1:U6Fjhv68q7gIoFEAIKZGd5TtKygmZI8tG5TJt6IS/gg=
github.com/go-raptor/connectors v1.1.0/go.mod h1:A7T++oNId2F9SB5i9IQcm+3QzruL5s1nFLfRk1eA0SU=
github.com/go-raptor/controllers/spa v1.0.4 h1:QGp0QNj0h/SZWrBgMgdWbzzMwa8EMADGabJ4uLUsVao=
github.com/go-raptor/controllers/spa v1.0.4/go.mod h1:s+LCp+uTgvwctlmef2OYeZXOrrjJG3KaC+dzTeFr6rM=
github.com/go-raptor/middlewares/cors v1.0.4 h1:b5A472R72naQehuMufmxYReNeut1BnUaVBXavckInTk=
github.com/go-raptor/middlewares/cors v1.0.4/go.mod h1:PS63hy9c8vdfqxP86K6WnLhgQmcYeAhgh96c0dG1K8w=
github.com/go-raptor/middlewares/cors v1.0.5 h1:xbbGyR59lbR8zm8PZENytS1Ju5G1zp5WIs/gATJqkQs=
github.com/go-raptor/middlewares/cors v1.0.5/go.mod h1:PS63hy9c8vdfqxP86K6WnLhgQmcYeAhgh96c0dG1K8w=
github.com/go-raptor/middlewares/cors v1.0.6 h1:1wXeiQELQzGw3hIwR6ErHqRontwbP0ojdwelF0l3KOE=
github.com/go-raptor/middlewares/cors v1.0.6/go.mod h1:PS63hy9c8vdfqxP86K6WnLhgQmcYeAhgh96c0dG1K8w=
github.com/go-raptor/middlewares/cors v1.0.7 h1:r0uNo188ZV6ww1uuNZD0OZd8jSL6n5uI8QMyHdGrr50=
github.com/go-raptor/middlewares/cors v1.0.7/go.mod h1:JaVxrfLg7CetFBOeOlXqYSbGeye/aQLlwa312dfWaXo=
github.com/go-raptor/middlewares/cors v1.0.9 h1:VPYwh61PyimOWsGNbsX2WhFPVrvCjIPYPsmZ42alpdE=
github.com/go-raptor/middlewares/cors v1.0.9/go.mod h1:Eg2Ti60VhcDM7aQarYD6wmgbwOsfWKmF0zpeX5562Z4=
github.com/go-raptor/middlewares/logger v1.0.2 h1:UKazA59GAScYEtonz/c4PvkFmJ2nsI0/L2Djazt7e1M=
github.com/go-raptor/middlewares/logger v1.0.2/go.mod h1:tBtwW8UaECy9jk4L62Tl286jjVSCSmEeDHQ1k5V2QQI=
github.com/go-raptor/middlewares/logger v1.0.4 h1:r6VMr9XuoZUoj6XqoJbBGvcgiZuLnQBhrKj4f82Au+M=
github.com/go-raptor/middlewares/logger v1.0.4/go.mod h1:gcK3adBl37OQjGuIOfkFlFYIIQnjThrdHVlXDQECu7U=
github.com/go-raptor/middlewares/logger v1.0.5 h1:aM1qeoROiOKQ189ukspXramkxiCUgOmZKwcGzKX+5yM=
github.com/go-raptor/middlewares/logger v1.0.5/go.mod h1:UOelh+s1N12CSmPiRfDYHpOhrfQz+IJ15dHekTpEYHo=
github.com/go-raptor/middlewares/logger v1.0.6 h1:cZoQ9XMBs4teFEifmBFqKDcpLDScuk4MWo8Ju0ZuKYc=
github.com/go-raptor/middlewares/logger v1.0.6/go.mod h1:sFCK+oT5IxG2lXxV1apP2yIb0xvJe6yFzNJuKLhIlLg=
github.com/go-raptor/raptor/v4 v4.1.8 h1:mtv3qxD3mfWqF/K0R+udFbAdutP7NCgGXx9aADFEwf8=
github.com/go-raptor/raptor/v4 v4.1.8/go.mod h1:amWvz3EODKHgedCD8w8SB4wZbIp6Xbz8/MfJks/WVqs=
github.com/go-raptor/raptor/v4 v4.1.9 h1:tyilbZO7w6oUN1mRQLVo2AGxTNt81IrC+1K3ui7uwJ8=
github.com/go-raptor/raptor/v4 v4.1.9/go.mod h1:amWvz3EODKHgedCD8w8SB4wZbIp6Xbz8/MfJks/WVqs=
github.com/go-raptor/raptor/v4 v4.1.10 h1:BNdarGeiONl6SkGJRNLwmb7XWSoRKu9LAiCGMMC+go0=
github.com/go-raptor/raptor/v4 v4.1.10/go.mod h1:amWvz3EODKHgedCD8w8SB4wZbIp6Xbz8/MfJks/WVqs=
github.com/go-raptor/raptor/v4 v4.1.11 h1:CwWELabCpVJm0+K7TWJ7vJ/9kPVvBM2NbKgE+I+jGl0=
github.com/go-raptor/raptor/v4 v4.1.11/go.mod h1:amWvz3EODKHgedCD8w8SB4wZbIp6Xbz8/MfJks/WVqs=
github.com/go-raptor/raptor/v4 v4.1.12 h1:nfAOlA0NiF/3aFE/b/7bKSLsoPITX23lC48uD88TloE=
github.com/go-raptor/raptor/v4 v4.1.12/go.mod h1:amWvz3EODKHgedCD8w8SB4wZbIp6Xbz8/MfJks/WVqs=
github.com/go-raptor/raptor/v4 v4.1.16 h1:a+6KOlJmO0y/hq96kAmWaZktf8DDR/5+xfT5b1Dbg7o=
github.com/go-raptor/raptor/v4 v4.1.16/go.mod h1:jpe+upatg2qcfMtHZAydHMMZIx0Ca8rDAwntF8Zuyb4=
github.com/go-raptor/raptor/v4 v4.1.19 h1:d662GHZ0RjU++yKhggsn5Bk7pfifatrG8aRgcfTo/0w=
github.com/go-raptor/raptor/v4 v4.1.19/go.mod h1:jpe+upatg2qcfMtHZAydHMMZIx0Ca8rDAwntF8Zuyb4=
github.com/go-raptor/raptor/v4 v4.2.1 h1:JRqF51cFBgqNDQfF7LZU+Iibm/HJFD5t4V62No9Ee0I=
github.com/go-raptor/raptor/v4 v4.2.1/go.mod h1:JTfA6TgI8NANXCxhf4UUb+De4Vpzqr9i2/3AwAq1Ev4=
github.com/go-raptor/raptor/v4 v4.3.0 h1:GavA5UblgHPd0Kzk/24BfiW1dCfmVRQv6lKxINS12c4=
github.com/go-raptor/raptor/v4 v4.3.0/go.mod h1:JTfA6TgI8NANXCxhf4UUb+De4Vpzqr9i2/3AwAq1Ev4=
github.com/h00s/goopenmeteo v1.0.1 h1:S57hs34Dp+ORaSCQCgzM6W770CuUDHK6HuXAtGNdafs=
github.com/h00s/goopenmeteo v1.0.1/go.mod h1:TRdUqAhcONaR+ghceOcuQH9doXclhnYVfNAcsOUhhwo=
github.com/lmittmann/tint v1.1.3 h1:Hv4EaHWXQr+GTFnOU4VKf8UvAtZgn0VuKT+G0wFlO3I=
github.com/lmittmann/tint v1.1.3/go.mod h1:HIS3gSy7qNwGCj+5oRjAutErFBl4BzdQP6cJZ0NfMwE=
github.com/lmittmann/tint v1.2.0 h1:AogHRHy8HUJUnNJBHJlYa+fR4YY8mko2cnCp67xn9JY=
github.com/lmittmann/tint v1.2.0/go.mod h1:HIS3gSy7qNwGCj+5oRjAutErFBl4BzdQP6cJZ0NfMwE=
gopkg.in/check.v1 v0.0.0-20161208181325-20d25e280405 h1:yhCVgyC4o1eVCa2tZl7eS0r+SDo693bJlVdllGtEeKM=
gopkg.in/check.v1 v0.0.0-20161208181325-20d25e280405/go.mod h1:Co6ibVJAznAaIkqp8huTwlJQCZ016jof/cbN4VW5Yz0=
gopkg.in/yaml.v3 v3.0.1 h1:fxVm/GzAzEWqLHuvctI91KS9hhNmmWOoWu0XTYJS7CA=
gopkg.in/yaml.v3 v3.0.1/go.mod h1:K4uyk7z7BCEPqu6E+C64Yfv1cQ7kz7rIZviUmN+EgEM=
